
Microsoft Visual Studio Solution File, Format Version 12.00
# Visual Studio Version 16
VisualStudioVersion = 16.0.29102.190
MinimumVisualStudioVersion = 10.0.40219.1
Project("{FAE04EC0-301F-11D3-BF4B-00C04F79EFBC}") = "mass", "mass.csproj", "{1C0C2BCC-9D17-4337-9F08-3981849F65F2}"
EndProject
Global
	GlobalSection(SolutionConfigurationPlatforms) = preSolution
		Debug|Any CPU = Debug|Any CPU
		Release|Any CPU = Release|Any CPU
	EndGlobalSection
	GlobalSection(ProjectConfigurationPlatforms) = postSolution
		{1C0C2BCC-9D17-4337-9F08-3981849F65F2}.Debug|Any CPU.ActiveCfg = Debug|Any CPU
		{1C0C2BCC-9D17-4337-9F08-3981849F65F2}.Debug|Any CPU.Build.0 = Debug|Any CPU
		{1C0C2BCC-9D17-4337-9F08-3981849F65F2}.Release|Any CPU.ActiveCfg = Release|Any CPU
		{1C0C2BCC-9D17-4337-9F08-3981849F65F2}.Release|Any CPU.Build.0 = Release|Any CPU
	EndGlobalSection
	GlobalSection(SolutionProperties) = preSolution
		HideSolutionNode = FALSE
	EndGlobalSection
	GlobalSection(ExtensibilityGlobals) = postSolution
		SolutionGuid = {0BA61756-7268-4F71-958E-C3E43D8ED402}
	EndGlobalSection
EndGlobal
